{
  "version": 4,
  "terraform_version": "1.12.2",
  "serial": 144,
  "lineage": "09c97988-eefb-98da-7407-9de93f5d471d",
  "outputs": {
    "master_floating_ips": {
      "value": [
        "172.24.4.144"
      ],
      "type": [
        "tuple",
        [
          "string"
        ]
      ]
    },
    "master_instances": {
      "value": [
        "b42c2aa9-5b59-409e-be58-94cf878de7d7"
      ],
      "type": [
        "tuple",
        [
          "string"
        ]
      ]
    },
    "network_info": {
      "value": {
        "network_id": "251a5b99-eef5-4cff-b1d3-33d371cd1eb3",
        "subnet_id": "3dfe796e-78c8-4200-9942-4a4d8c560c6d"
      },
      "type": [
        "object",
        {
          "network_id": "string",
          "subnet_id": "string"
        }
      ]
    },
    "private_key_path": {
      "value": "~/.ssh/id_rsa",
      "type": "string"
    },
    "ssh_user": {
      "value": "ubuntu",
      "type": "string"
    },
    "worker_floating_ips": {
      "value": [
        "172.24.4.42",
        "172.24.4.220"
      ],
      "type": [
        "tuple",
        [
          "string",
          "string"
        ]
      ]
    },
    "worker_instances": {
      "value": [
        "328a30d8-07a2-4a98-9576-34a947bc58a0",
        "bfc46743-57f0-4a38-982f-e8ec08b9b3de"
      ],
      "type": [
        "tuple",
        [
          "string",
          "string"
        ]
      ]
    }
  },
  "resources": [
    {
      "module": "module.cluster",
      "mode": "data",
      "type": "openstack_images_image_v2",
      "name": "cluster_image",
      "provider": "provider[\"registry.terraform.io/terraform-provider-openstack/openstack\"]",
      "instances": [
        {
          "schema_version": 0,
          "attributes": {
            "checksum": "d01c7ddd17850b3cf9ac73153395c398",
            "container_format": "bare",
            "created_at": "2025-07-21T12:15:47Z",
            "disk_format": "qcow2",
            "file": "/v2/images/c7e2376e-069f-428a-8f21-285360234c9e/file",
            "hidden": false,
            "id": "c7e2376e-069f-428a-8f21-285360234c9e",
            "member_status": null,
            "metadata": {},
            "min_disk_gb": 0,
            "min_ram_mb": 0,
            "most_recent": true,
            "name": "ubuntu-min",
            "name_regex": null,
            "owner": "0faf1686334a47e7bdabf9ef8b659cb9",
            "properties": {
              "os_hash_algo": "sha512",
              "os_hash_value": "b65dfaf1c4782e9da086c4153906d1cf81d4927d064849fe87bd0d628ab27b53221501cfa87db202207c10d37b8f488a9ca2e7b28f748dfd5f20f9829116a31c",
              "owner_specified.openstack.md5": "",
              "owner_specified.openstack.object": "images/ubuntu-min",
              "owner_specified.openstack.sha256": ""
            },
            "protected": false,
            "region": "RegionOne",
            "schema": "/v2/schemas/image",
            "size_bytes": 254279680,
            "size_max": null,
            "size_min": null,
            "sort": "name:asc",
            "tag": null,
            "tags": [],
            "updated_at": "2025-07-21T12:15:49Z",
            "visibility": "public"
          },
          "sensitive_attributes": [],
          "identity_schema_version": 0
        }
      ]
    },
    {
      "module": "module.cluster",
      "mode": "data",
      "type": "openstack_networking_network_v2",
      "name": "external",
      "provider": "provider[\"registry.terraform.io/terraform-provider-openstack/openstack\"]",
      "instances": [
        {
          "schema_version": 0,
          "attributes": {
            "admin_state_up": "true",
            "all_tags": [],
            "availability_zone_hints": [],
            "description": "",
            "dns_domain": "",
            "external": true,
            "id": "114c19f1-fff6-4ca7-b13a-f542e7032b84",
            "matching_subnet_cidr": null,
            "mtu": 1500,
            "name": "public",
            "network_id": null,
            "region": "RegionOne",
            "segments": [
              {
                "network_type": "flat",
                "physical_network": "public",
                "segmentation_id": 0
              }
            ],
            "shared": "false",
            "status": null,
            "subnets": [
              "44deb152-d91e-43a5-9e5c-3455b3722474",
              "f8934376-a666-4352-ba7a-fb91b7afff04"
            ],
            "tags": null,
            "tenant_id": "0faf1686334a47e7bdabf9ef8b659cb9",
            "transparent_vlan": false
          },
          "sensitive_attributes": [],
          "identity_schema_version": 0
        }
      ]
    },
    {
      "module": "module.cluster",
      "mode": "managed",
      "type": "null_resource",
      "name": "download_kubeconfig",
      "provider": "provider[\"registry.terraform.io/hashicorp/null\"]",
      "instances": [
        {
          "schema_version": 0,
          "attributes": {
            "id": "2470512578574890092",
            "triggers": {
              "floating_ip": "172.24.4.144",
              "master_instance_id": "b42c2aa9-5b59-409e-be58-94cf878de7d7"
            }
          },
          "sensitive_attributes": [],
          "identity_schema_version": 0,
          "dependencies": [
            "module.cluster.data.openstack_images_image_v2.cluster_image",
            "module.cluster.data.openstack_networking_network_v2.external",
            "module.cluster.openstack_compute_instance_v2.master_nodes",
            "module.cluster.openstack_compute_keypair_v2.cluster_key",
            "module.cluster.openstack_networking_floatingip_associate_v2.cluster_fip_assoc",
            "module.cluster.openstack_networking_floatingip_v2.cluster_floatingips",
            "module.cluster.openstack_networking_network_v2.cluster_network",
            "module.cluster.openstack_networking_port_v2.cluster_ports",
            "module.cluster.openstack_networking_router_interface_v2.cluster_router_interface",
            "module.cluster.openstack_networking_router_v2.cluster_router",
            "module.cluster.openstack_networking_secgroup_v2.cluster_secgroup",
            "module.cluster.openstack_networking_subnet_v2.cluster_subnet",
            "module.cluster.random_string.k3s_token"
          ]
        }
      ]
    },
    {
      "module": "module.cluster",
      "mode": "managed",
      "type": "openstack_compute_instance_v2",
      "name": "master_nodes",
      "provider": "provider[\"registry.terraform.io/terraform-provider-openstack/openstack\"]",
      "instances": [
        {
          "index_key": 0,
          "schema_version": 0,
          "attributes": {
            "access_ip_v4": "192.168.100.65",
            "access_ip_v6": "",
            "admin_pass": null,
            "all_metadata": {
              "cluster": "k8s-cluster",
              "role": "master"
            },
            "all_tags": [],
            "availability_zone": "nova",
            "availability_zone_hints": null,
            "block_device": [],
            "config_drive": null,
            "created": "2025-07-24 09:40:29 +0000 UTC",
            "flavor_id": "4",
            "flavor_name": "m1.large",
            "force_delete": false,
            "id": "b42c2aa9-5b59-409e-be58-94cf878de7d7",
            "image_id": "c7e2376e-069f-428a-8f21-285360234c9e",
            "image_name": "ubuntu-min",
            "key_pair": "k8s-key",
            "metadata": {
              "cluster": "k8s-cluster",
              "role": "master"
            },
            "name": "k8s-cluster-master-1",
            "network": [
              {
                "access_network": false,
                "fixed_ip_v4": "192.168.100.65",
                "fixed_ip_v6": "",
                "mac": "fa:16:3e:9b:de:19",
                "name": "k8s-cluster-network",
                "port": "d50711ea-c817-4fbc-8ba4-9abeda6c9e9d",
                "uuid": "251a5b99-eef5-4cff-b1d3-33d371cd1eb3"
              }
            ],
            "network_mode": null,
            "personality": [],
            "power_state": "active",
            "region": "RegionOne",
            "scheduler_hints": [],
            "security_groups": [
              "k8s-cluster-secgroup"
            ],
            "stop_before_destroy": false,
            "tags": [],
            "timeouts": null,
            "updated": "2025-07-24 09:40:41 +0000 UTC",
            "user_data": "da39a3ee5e6b4b0d3255bfef95601890afd80709",
            "vendor_options": []
          },
          "sensitive_attributes": [
            [
              {
                "type": "get_attr",
                "value": "admin_pass"
              }
            ]
          ],
          "identity_schema_version": 0,
          "private": "eyJlMmJmYjczMC1lY2FhLTExZTYtOGY4OC0zNDM2M2JjN2M0YzAiOnsiY3JlYXRlIjoxODAwMDAwMDAwMDAwLCJkZWxldGUiOjE4MDAwMDAwMDAwMDAsInVwZGF0ZSI6MTgwMDAwMDAwMDAwMH19",
          "dependencies": [
            "module.cluster.data.openstack_images_image_v2.cluster_image",
            "module.cluster.data.openstack_networking_network_v2.external",
            "module.cluster.openstack_compute_keypair_v2.cluster_key",
            "module.cluster.openstack_networking_floatingip_associate_v2.cluster_fip_assoc",
            "module.cluster.openstack_networking_floatingip_v2.cluster_floatingips",
            "module.cluster.openstack_networking_network_v2.cluster_network",
            "module.cluster.openstack_networking_port_v2.cluster_ports",
            "module.cluster.openstack_networking_router_interface_v2.cluster_router_interface",
            "module.cluster.openstack_networking_router_v2.cluster_router",
            "module.cluster.openstack_networking_secgroup_v2.cluster_secgroup",
            "module.cluster.openstack_networking_subnet_v2.cluster_subnet",
            "module.cluster.random_string.k3s_token"
          ]
        }
      ]
    },
    {
      "module": "module.cluster",
      "mode": "managed",
      "type": "openstack_compute_instance_v2",
      "name": "worker_nodes",
      "provider": "provider[\"registry.terraform.io/terraform-provider-openstack/openstack\"]",
      "instances": [
        {
          "index_key": 0,
          "schema_version": 0,
          "attributes": {
            "access_ip_v4": "192.168.100.103",
            "access_ip_v6": "",
            "admin_pass": null,
            "all_metadata": {
              "cluster": "k8s-cluster",
              "role": "worker"
            },
            "all_tags": [],
            "availability_zone": "nova",
            "availability_zone_hints": null,
            "block_device": [],
            "config_drive": null,
            "created": "2025-07-24 09:47:40 +0000 UTC",
            "flavor_id": "4",
            "flavor_name": "m1.large",
            "force_delete": false,
            "id": "328a30d8-07a2-4a98-9576-34a947bc58a0",
            "image_id": "c7e2376e-069f-428a-8f21-285360234c9e",
            "image_name": "ubuntu-min",
            "key_pair": "k8s-key",
            "metadata": {
              "cluster": "k8s-cluster",
              "role": "worker"
            },
            "name": "k8s-cluster-worker-1",
            "network": [
              {
                "access_network": false,
                "fixed_ip_v4": "192.168.100.103",
                "fixed_ip_v6": "",
                "mac": "fa:16:3e:4e:1b:8c",
                "name": "k8s-cluster-network",
                "port": "6b92a08c-6453-4a15-bb36-77f2ca7f8e8d",
                "uuid": "251a5b99-eef5-4cff-b1d3-33d371cd1eb3"
              }
            ],
            "network_mode": null,
            "personality": [],
            "power_state": "active",
            "region": "RegionOne",
            "scheduler_hints": [],
            "security_groups": [
              "k8s-cluster-secgroup"
            ],
            "stop_before_destroy": false,
            "tags": [],
            "timeouts": null,
            "updated": "2025-07-24 09:47:52 +0000 UTC",
            "user_data": "da39a3ee5e6b4b0d3255bfef95601890afd80709",
            "vendor_options": []
          },
          "sensitive_attributes": [
            [
              {
                "type": "get_attr",
                "value": "admin_pass"
              }
            ]
          ],
          "identity_schema_version": 0,
          "private": "eyJlMmJmYjczMC1lY2FhLTExZTYtOGY4OC0zNDM2M2JjN2M0YzAiOnsiY3JlYXRlIjoxODAwMDAwMDAwMDAwLCJkZWxldGUiOjE4MDAwMDAwMDAwMDAsInVwZGF0ZSI6MTgwMDAwMDAwMDAwMH19",
          "dependencies": [
            "module.cluster.data.openstack_images_image_v2.cluster_image",
            "module.cluster.data.openstack_networking_network_v2.external",
            "module.cluster.openstack_compute_instance_v2.master_nodes",
            "module.cluster.openstack_compute_keypair_v2.cluster_key",
            "module.cluster.openstack_networking_floatingip_associate_v2.cluster_fip_assoc",
            "module.cluster.openstack_networking_floatingip_v2.cluster_floatingips",
            "module.cluster.openstack_networking_network_v2.cluster_network",
            "module.cluster.openstack_networking_port_v2.cluster_ports",
            "module.cluster.openstack_networking_router_interface_v2.cluster_router_interface",
            "module.cluster.openstack_networking_router_v2.cluster_router",
            "module.cluster.openstack_networking_secgroup_v2.cluster_secgroup",
            "module.cluster.openstack_networking_subnet_v2.cluster_subnet",
            "module.cluster.random_string.k3s_token"
          ]
        },
        {
          "index_key": 1,
          "schema_version": 0,
          "attributes": {
            "access_ip_v4": "192.168.100.74",
            "access_ip_v6": "",
            "admin_pass": null,
            "all_metadata": {
              "cluster": "k8s-cluster",
              "role": "worker"
            },
            "all_tags": [],
            "availability_zone": "nova",
            "availability_zone_hints": null,
            "block_device": [],
            "config_drive": null,
            "created": "2025-07-24 09:47:40 +0000 UTC",
            "flavor_id": "4",
            "flavor_name": "m1.large",
            "force_delete": false,
            "id": "bfc46743-57f0-4a38-982f-e8ec08b9b3de",
            "image_id": "c7e2376e-069f-428a-8f21-285360234c9e",
            "image_name": "ubuntu-min",
            "key_pair": "k8s-key",
            "metadata": {
              "cluster": "k8s-cluster",
              "role": "worker"
            },
            "name": "k8s-cluster-worker-2",
            "network": [
              {
                "access_network": false,
                "fixed_ip_v4": "192.168.100.74",
                "fixed_ip_v6": "",
                "mac": "fa:16:3e:53:56:83",
                "name": "k8s-cluster-network",
                "port": "efd07995-83cf-4022-afd4-4fc5b2f50718",
                "uuid": "251a5b99-eef5-4cff-b1d3-33d371cd1eb3"
              }
            ],
            "network_mode": null,
            "personality": [],
            "power_state": "active",
            "region": "RegionOne",
            "scheduler_hints": [],
            "security_groups": [
              "k8s-cluster-secgroup"
            ],
            "stop_before_destroy": false,
            "tags": [],
            "timeouts": null,
            "updated": "2025-07-24 09:47:55 +0000 UTC",
            "user_data": "da39a3ee5e6b4b0d3255bfef95601890afd80709",
            "vendor_options": []
          },
          "sensitive_attributes": [
            [
              {
                "type": "get_attr",
                "value": "admin_pass"
              }
            ]
          ],
          "identity_schema_version": 0,
          "private": "eyJlMmJmYjczMC1lY2FhLTExZTYtOGY4OC0zNDM2M2JjN2M0YzAiOnsiY3JlYXRlIjoxODAwMDAwMDAwMDAwLCJkZWxldGUiOjE4MDAwMDAwMDAwMDAsInVwZGF0ZSI6MTgwMDAwMDAwMDAwMH19",
          "dependencies": [
            "module.cluster.data.openstack_images_image_v2.cluster_image",
            "module.cluster.data.openstack_networking_network_v2.external",
            "module.cluster.openstack_compute_instance_v2.master_nodes",
            "module.cluster.openstack_compute_keypair_v2.cluster_key",
            "module.cluster.openstack_networking_floatingip_associate_v2.cluster_fip_assoc",
            "module.cluster.openstack_networking_floatingip_v2.cluster_floatingips",
            "module.cluster.openstack_networking_network_v2.cluster_network",
            "module.cluster.openstack_networking_port_v2.cluster_ports",
            "module.cluster.openstack_networking_router_interface_v2.cluster_router_interface",
            "module.cluster.openstack_networking_router_v2.cluster_router",
            "module.cluster.openstack_networking_secgroup_v2.cluster_secgroup",
            "module.cluster.openstack_networking_subnet_v2.cluster_subnet",
            "module.cluster.random_string.k3s_token"
          ]
        }
      ]
    },
    {
      "module": "module.cluster",
      "mode": "managed",
      "type": "openstack_compute_keypair_v2",
      "name": "cluster_key",
      "provider": "provider[\"registry.terraform.io/terraform-provider-openstack/openstack\"]",
      "instances": [
        {
          "schema_version": 0,
          "attributes": {
            "fingerprint": "62:92:8a:db:13:23:e2:b6:3d:cb:84:08:5f:dd:5b:00",
            "id": "k8s-key",
            "name": "k8s-key",
            "private_key": "",
            "public_key": "ssh-rsa AAAAB3NzaC1yc2EAAAADAQABAAABgQDK3/0+6OB9+MK1ov319qvrojcVMVCasrHZZLV8X0KhXMzJPYENXh81IRszL0LKyayYHPjooGf36XrFA06ONlJwH31WN5UK0mBwCkoQZIYSIFxRcY2Y4E2PMra+ZmSDD3I5AnWIQfPeMaocQ8TVHIDl6IGW7b2Jw+mqrzgtuQHBoIklFefF7UKQXaeT223wRM+bnfEQ0dB3pRdpA4L0QW81nNbQ4JNz7G+sj1qvMgtuvdkNDFLW7Yj6dsaPKhv2NKF6cvZGdrQdLXYBgroxCO3T31YP1Cvbp/rRbr3n4rTP9UvtRaIsFY0G706YmkksvxB27uBdgCA2a5ct0Pocq+ZU/EgzuqyIO/p56jfqbWM47oGsdWMJGuSriHZTLFASUQUTIfFTdWVdQ+b89hCdBPVaX92fVe387YCeIH1627ZC+PmTZU0S/rEbJQlbkKctBPzRySpcWeFziKRIcOqrG6yV7PEYjzS41AFS4JsgzFpvZpg49qrdF2npwA6iwPAM+K0= reda@reda-doukali-cloud-server-2\n",
            "region": "RegionOne",
            "user_id": "",
            "value_specs": null
          },
          "sensitive_attributes": [
            [
              {
                "type": "get_attr",
                "value": "private_key"
              }
            ]
          ],
          "identity_schema_version": 0,
          "private": "bnVsbA=="
        }
      ]
    },
    {
      "module": "module.cluster",
      "mode": "managed",
      "type": "openstack_networking_floatingip_associate_v2",
      "name": "cluster_fip_assoc",
      "provider": "provider[\"registry.terraform.io/terraform-provider-openstack/openstack\"]",
      "instances": [
        {
          "index_key": 0,
          "schema_version": 0,
          "attributes": {
            "fixed_ip": "192.168.100.65",
            "floating_ip": "172.24.4.144",
            "id": "3a0c4c91-b969-4c7d-8228-bfd578dcb4d8",
            "port_id": "d50711ea-c817-4fbc-8ba4-9abeda6c9e9d",
            "region": "RegionOne"
          },
          "sensitive_attributes": [],
          "identity_schema_version": 0,
          "private": "bnVsbA==",
          "dependencies": [
            "module.cluster.data.openstack_networking_network_v2.external",
            "module.cluster.openstack_networking_floatingip_v2.cluster_floatingips",
            "module.cluster.openstack_networking_network_v2.cluster_network",
            "module.cluster.openstack_networking_port_v2.cluster_ports",
            "module.cluster.openstack_networking_router_interface_v2.cluster_router_interface",
            "module.cluster.openstack_networking_router_v2.cluster_router",
            "module.cluster.openstack_networking_secgroup_v2.cluster_secgroup",
            "module.cluster.openstack_networking_subnet_v2.cluster_subnet"
          ]
        },
        {
          "index_key": 1,
          "schema_version": 0,
          "attributes": {
            "fixed_ip": "192.168.100.103",
            "floating_ip": "172.24.4.42",
            "id": "c8ce7a33-73de-4e23-93ab-a4b30b228e5e",
            "port_id": "6b92a08c-6453-4a15-bb36-77f2ca7f8e8d",
            "region": "RegionOne"
          },
          "sensitive_attributes": [],
          "identity_schema_version": 0,
          "private": "bnVsbA==",
          "dependencies": [
            "module.cluster.data.openstack_networking_network_v2.external",
            "module.cluster.openstack_networking_floatingip_v2.cluster_floatingips",
            "module.cluster.openstack_networking_network_v2.cluster_network",
            "module.cluster.openstack_networking_port_v2.cluster_ports",
            "module.cluster.openstack_networking_router_interface_v2.cluster_router_interface",
            "module.cluster.openstack_networking_router_v2.cluster_router",
            "module.cluster.openstack_networking_secgroup_v2.cluster_secgroup",
            "module.cluster.openstack_networking_subnet_v2.cluster_subnet"
          ]
        },
        {
          "index_key": 2,
          "schema_version": 0,
          "attributes": {
            "fixed_ip": "192.168.100.74",
            "floating_ip": "172.24.4.220",
            "id": "970372f5-2321-4a49-86e8-359813ef3889",
            "port_id": "efd07995-83cf-4022-afd4-4fc5b2f50718",
            "region": "RegionOne"
          },
          "sensitive_attributes": [],
          "identity_schema_version": 0,
          "private": "bnVsbA==",
          "dependencies": [
            "module.cluster.data.openstack_networking_network_v2.external",
            "module.cluster.openstack_networking_floatingip_v2.cluster_floatingips",
            "module.cluster.openstack_networking_network_v2.cluster_network",
            "module.cluster.openstack_networking_port_v2.cluster_ports",
            "module.cluster.openstack_networking_router_interface_v2.cluster_router_interface",
            "module.cluster.openstack_networking_router_v2.cluster_router",
            "module.cluster.openstack_networking_secgroup_v2.cluster_secgroup",
            "module.cluster.openstack_networking_subnet_v2.cluster_subnet"
          ]
        }
      ]
    },
    {
      "module": "module.cluster",
      "mode": "managed",
      "type": "openstack_networking_floatingip_v2",
      "name": "cluster_floatingips",
      "provider": "provider[\"registry.terraform.io/terraform-provider-openstack/openstack\"]",
      "instances": [
        {
          "index_key": 0,
          "schema_version": 0,
          "attributes": {
            "address": "172.24.4.144",
            "all_tags": [],
            "description": "",
            "dns_domain": "",
            "dns_name": "",
            "fixed_ip": "192.168.100.65",
            "id": "3a0c4c91-b969-4c7d-8228-bfd578dcb4d8",
            "pool": "public",
            "port_id": "d50711ea-c817-4fbc-8ba4-9abeda6c9e9d",
            "region": "RegionOne",
            "subnet_id": null,
            "subnet_ids": null,
            "tags": [],
            "tenant_id": "0faf1686334a47e7bdabf9ef8b659cb9",
            "timeouts": null,
            "value_specs": null
          },
          "sensitive_attributes": [],
          "identity_schema_version": 0,
          "private": "eyJlMmJmYjczMC1lY2FhLTExZTYtOGY4OC0zNDM2M2JjN2M0YzAiOnsiY3JlYXRlIjo2MDAwMDAwMDAwMDAsImRlbGV0ZSI6NjAwMDAwMDAwMDAwfX0=",
          "dependencies": [
            "module.cluster.data.openstack_networking_network_v2.external"
          ]
        },
        {
          "index_key": 1,
          "schema_version": 0,
          "attributes": {
            "address": "172.24.4.42",
            "all_tags": [],
            "description": "",
            "dns_domain": "",
            "dns_name": "",
            "fixed_ip": "192.168.100.103",
            "id": "c8ce7a33-73de-4e23-93ab-a4b30b228e5e",
            "pool": "public",
            "port_id": "6b92a08c-6453-4a15-bb36-77f2ca7f8e8d",
            "region": "RegionOne",
            "subnet_id": null,
            "subnet_ids": null,
            "tags": [],
            "tenant_id": "0faf1686334a47e7bdabf9ef8b659cb9",
            "timeouts": null,
            "value_specs": null
          },
          "sensitive_attributes": [],
          "identity_schema_version": 0,
          "private": "eyJlMmJmYjczMC1lY2FhLTExZTYtOGY4OC0zNDM2M2JjN2M0YzAiOnsiY3JlYXRlIjo2MDAwMDAwMDAwMDAsImRlbGV0ZSI6NjAwMDAwMDAwMDAwfX0=",
          "dependencies": [
            "module.cluster.data.openstack_networking_network_v2.external"
          ]
        },
        {
          "index_key": 2,
          "schema_version": 0,
          "attributes": {
            "address": "172.24.4.220",
            "all_tags": [],
            "description": "",
            "dns_domain": "",
            "dns_name": "",
            "fixed_ip": "192.168.100.74",
            "id": "970372f5-2321-4a49-86e8-359813ef3889",
            "pool": "public",
            "port_id": "efd07995-83cf-4022-afd4-4fc5b2f50718",
            "region": "RegionOne",
            "subnet_id": null,
            "subnet_ids": null,
            "tags": [],
            "tenant_id": "0faf1686334a47e7bdabf9ef8b659cb9",
            "timeouts": null,
            "value_specs": null
          },
          "sensitive_attributes": [],
          "identity_schema_version": 0,
          "private": "eyJlMmJmYjczMC1lY2FhLTExZTYtOGY4OC0zNDM2M2JjN2M0YzAiOnsiY3JlYXRlIjo2MDAwMDAwMDAwMDAsImRlbGV0ZSI6NjAwMDAwMDAwMDAwfX0=",
          "dependencies": [
            "module.cluster.data.openstack_networking_network_v2.external"
          ]
        }
      ]
    },
    {
      "module": "module.cluster",
      "mode": "managed",
      "type": "openstack_networking_network_v2",
      "name": "cluster_network",
      "provider": "provider[\"registry.terraform.io/terraform-provider-openstack/openstack\"]",
      "instances": [
        {
          "schema_version": 0,
          "attributes": {
            "admin_state_up": true,
            "all_tags": [],
            "availability_zone_hints": [],
            "description": "",
            "dns_domain": "",
            "external": false,
            "id": "251a5b99-eef5-4cff-b1d3-33d371cd1eb3",
            "mtu": 1442,
            "name": "k8s-cluster-network",
            "port_security_enabled": true,
            "qos_policy_id": "",
            "region": "RegionOne",
            "segments": [
              {
                "network_type": "geneve",
                "physical_network": "",
                "segmentation_id": 58127
              }
            ],
            "shared": false,
            "tags": [],
            "tenant_id": "0faf1686334a47e7bdabf9ef8b659cb9",
            "timeouts": null,
            "transparent_vlan": false,
            "value_specs": null
          },
          "sensitive_attributes": [],
          "identity_schema_version": 0,
          "private": "eyJlMmJmYjczMC1lY2FhLTExZTYtOGY4OC0zNDM2M2JjN2M0YzAiOnsiY3JlYXRlIjo2MDAwMDAwMDAwMDAsImRlbGV0ZSI6NjAwMDAwMDAwMDAwfX0="
        }
      ]
    },
    {
      "module": "module.cluster",
      "mode": "managed",
      "type": "openstack_networking_port_v2",
      "name": "cluster_ports",
      "provider": "provider[\"registry.terraform.io/terraform-provider-openstack/openstack\"]",
      "instances": [
        {
          "index_key": 0,
          "schema_version": 0,
          "attributes": {
            "admin_state_up": true,
            "all_fixed_ips": [
              "192.168.100.65"
            ],
            "all_security_group_ids": [
              "920df1ee-8361-45f1-9459-c4d69642b96c"
            ],
            "all_tags": [],
            "allowed_address_pairs": [],
            "binding": [
              {
                "host_id": "reda-doukali-cloud-server-2",
                "profile": "{}",
                "vif_details": {
                  "bound_drivers": "{\"0\":\"ovn\"}",
                  "bridge_name": "br-int",
                  "connectivity": "l2",
                  "datapath_type": "system",
                  "port_filter": "true"
                },
                "vif_type": "ovs",
                "vnic_type": "normal"
              }
            ],
            "description": "",
            "device_id": "b42c2aa9-5b59-409e-be58-94cf878de7d7",
            "device_owner": "compute:nova",
            "dns_assignment": [],
            "dns_name": "",
            "extra_dhcp_option": [],
            "fixed_ip": [
              {
                "ip_address": "",
                "subnet_id": "3dfe796e-78c8-4200-9942-4a4d8c560c6d"
              }
            ],
            "id": "d50711ea-c817-4fbc-8ba4-9abeda6c9e9d",
            "mac_address": "fa:16:3e:9b:de:19",
            "name": "k8s-cluster-port-1",
            "network_id": "251a5b99-eef5-4cff-b1d3-33d371cd1eb3",
            "no_fixed_ip": null,
            "no_security_groups": null,
            "port_security_enabled": true,
            "qos_policy_id": "",
            "region": "RegionOne",
            "security_group_ids": [
              "920df1ee-8361-45f1-9459-c4d69642b96c"
            ],
            "tags": [],
            "tenant_id": "0faf1686334a47e7bdabf9ef8b659cb9",
            "timeouts": null,
            "value_specs": null
          },
          "sensitive_attributes": [],
          "identity_schema_version": 0,
          "private": "eyJlMmJmYjczMC1lY2FhLTExZTYtOGY4OC0zNDM2M2JjN2M0YzAiOnsiY3JlYXRlIjo2MDAwMDAwMDAwMDAsImRlbGV0ZSI6NjAwMDAwMDAwMDAwfX0=",
          "dependencies": [
            "module.cluster.openstack_networking_network_v2.cluster_network",
            "module.cluster.openstack_networking_secgroup_v2.cluster_secgroup",
            "module.cluster.openstack_networking_subnet_v2.cluster_subnet"
          ]
        },
        {
          "index_key": 1,
          "schema_version": 0,
          "attributes": {
            "admin_state_up": true,
            "all_fixed_ips": [
              "192.168.100.103"
            ],
            "all_security_group_ids": [
              "920df1ee-8361-45f1-9459-c4d69642b96c"
            ],
            "all_tags": [],
            "allowed_address_pairs": [],
            "binding": [
              {
                "host_id": "reda-doukali-cloud-server-2",
                "profile": "{}",
                "vif_details": {
                  "bound_drivers": "{\"0\":\"ovn\"}",
                  "bridge_name": "br-int",
                  "connectivity": "l2",
                  "datapath_type": "system",
                  "port_filter": "true"
                },
                "vif_type": "ovs",
                "vnic_type": "normal"
              }
            ],
            "description": "",
            "device_id": "328a30d8-07a2-4a98-9576-34a947bc58a0",
            "device_owner": "compute:nova",
            "dns_assignment": [],
            "dns_name": "",
            "extra_dhcp_option": [],
            "fixed_ip": [
              {
                "ip_address": "",
                "subnet_id": "3dfe796e-78c8-4200-9942-4a4d8c560c6d"
              }
            ],
            "id": "6b92a08c-6453-4a15-bb36-77f2ca7f8e8d",
            "mac_address": "fa:16:3e:4e:1b:8c",
            "name": "k8s-cluster-port-2",
            "network_id": "251a5b99-eef5-4cff-b1d3-33d371cd1eb3",
            "no_fixed_ip": null,
            "no_security_groups": null,
            "port_security_enabled": true,
            "qos_policy_id": "",
            "region": "RegionOne",
            "security_group_ids": [
              "920df1ee-8361-45f1-9459-c4d69642b96c"
            ],
            "tags": [],
            "tenant_id": "0faf1686334a47e7bdabf9ef8b659cb9",
            "timeouts": null,
            "value_specs": null
          },
          "sensitive_attributes": [],
          "identity_schema_version": 0,
          "private": "eyJlMmJmYjczMC1lY2FhLTExZTYtOGY4OC0zNDM2M2JjN2M0YzAiOnsiY3JlYXRlIjo2MDAwMDAwMDAwMDAsImRlbGV0ZSI6NjAwMDAwMDAwMDAwfX0=",
          "dependencies": [
            "module.cluster.openstack_networking_network_v2.cluster_network",
            "module.cluster.openstack_networking_secgroup_v2.cluster_secgroup",
            "module.cluster.openstack_networking_subnet_v2.cluster_subnet"
          ]
        },
        {
          "index_key": 2,
          "schema_version": 0,
          "attributes": {
            "admin_state_up": true,
            "all_fixed_ips": [
              "192.168.100.74"
            ],
            "all_security_group_ids": [
              "920df1ee-8361-45f1-9459-c4d69642b96c"
            ],
            "all_tags": [],
            "allowed_address_pairs": [],
            "binding": [
              {
                "host_id": "reda-doukali-cloud-server-2",
                "profile": "{}",
                "vif_details": {
                  "bound_drivers": "{\"0\":\"ovn\"}",
                  "bridge_name": "br-int",
                  "connectivity": "l2",
                  "datapath_type": "system",
                  "port_filter": "true"
                },
                "vif_type": "ovs",
                "vnic_type": "normal"
              }
            ],
            "description": "",
            "device_id": "bfc46743-57f0-4a38-982f-e8ec08b9b3de",
            "device_owner": "compute:nova",
            "dns_assignment": [],
            "dns_name": "",
            "extra_dhcp_option": [],
            "fixed_ip": [
              {
                "ip_address": "",
                "subnet_id": "3dfe796e-78c8-4200-9942-4a4d8c560c6d"
              }
            ],
            "id": "efd07995-83cf-4022-afd4-4fc5b2f50718",
            "mac_address": "fa:16:3e:53:56:83",
            "name": "k8s-cluster-port-3",
            "network_id": "251a5b99-eef5-4cff-b1d3-33d371cd1eb3",
            "no_fixed_ip": null,
            "no_security_groups": null,
            "port_security_enabled": true,
            "qos_policy_id": "",
            "region": "RegionOne",
            "security_group_ids": [
              "920df1ee-8361-45f1-9459-c4d69642b96c"
            ],
            "tags": [],
            "tenant_id": "0faf1686334a47e7bdabf9ef8b659cb9",
            "timeouts": null,
            "value_specs": null
          },
          "sensitive_attributes": [],
          "identity_schema_version": 0,
          "private": "eyJlMmJmYjczMC1lY2FhLTExZTYtOGY4OC0zNDM2M2JjN2M0YzAiOnsiY3JlYXRlIjo2MDAwMDAwMDAwMDAsImRlbGV0ZSI6NjAwMDAwMDAwMDAwfX0=",
          "dependencies": [
            "module.cluster.openstack_networking_network_v2.cluster_network",
            "module.cluster.openstack_networking_secgroup_v2.cluster_secgroup",
            "module.cluster.openstack_networking_subnet_v2.cluster_subnet"
          ]
        }
      ]
    },
    {
      "module": "module.cluster",
      "mode": "managed",
      "type": "openstack_networking_router_interface_v2",
      "name": "cluster_router_interface",
      "provider": "provider[\"registry.terraform.io/terraform-provider-openstack/openstack\"]",
      "instances": [
        {
          "schema_version": 0,
          "attributes": {
            "force_destroy": false,
            "id": "a6507483-0b2d-42c6-8456-5dbab4537573",
            "port_id": "a6507483-0b2d-42c6-8456-5dbab4537573",
            "region": "RegionOne",
            "router_id": "93ebc8bf-6710-4adf-976a-1381843fef4a",
            "subnet_id": "3dfe796e-78c8-4200-9942-4a4d8c560c6d",
            "timeouts": null
          },
          "sensitive_attributes": [],
          "identity_schema_version": 0,
          "private": "eyJlMmJmYjczMC1lY2FhLTExZTYtOGY4OC0zNDM2M2JjN2M0YzAiOnsiY3JlYXRlIjo2MDAwMDAwMDAwMDAsImRlbGV0ZSI6NjAwMDAwMDAwMDAwfX0=",
          "dependencies": [
            "module.cluster.data.openstack_networking_network_v2.external",
            "module.cluster.openstack_networking_network_v2.cluster_network",
            "module.cluster.openstack_networking_router_v2.cluster_router",
            "module.cluster.openstack_networking_subnet_v2.cluster_subnet"
          ]
        }
      ]
    },
    {
      "module": "module.cluster",
      "mode": "managed",
      "type": "openstack_networking_router_v2",
      "name": "cluster_router",
      "provider": "provider[\"registry.terraform.io/terraform-provider-openstack/openstack\"]",
      "instances": [
        {
          "schema_version": 0,
          "attributes": {
            "admin_state_up": true,
            "all_tags": [],
            "availability_zone_hints": [],
            "description": "",
            "distributed": false,
            "enable_snat": true,
            "external_fixed_ip": [
              {
                "ip_address": "172.24.4.158",
                "subnet_id": "f8934376-a666-4352-ba7a-fb91b7afff04"
              },
              {
                "ip_address": "2001:db8::128",
                "subnet_id": "44deb152-d91e-43a5-9e5c-3455b3722474"
              }
            ],
            "external_network_id": "114c19f1-fff6-4ca7-b13a-f542e7032b84",
            "external_subnet_ids": null,
            "id": "93ebc8bf-6710-4adf-976a-1381843fef4a",
            "name": "k8s-cluster-router",
            "region": "RegionOne",
            "tags": [],
            "tenant_id": "0faf1686334a47e7bdabf9ef8b659cb9",
            "timeouts": null,
            "value_specs": null,
            "vendor_options": []
          },
          "sensitive_attributes": [],
          "identity_schema_version": 0,
          "private": "eyJlMmJmYjczMC1lY2FhLTExZTYtOGY4OC0zNDM2M2JjN2M0YzAiOnsiY3JlYXRlIjo2MDAwMDAwMDAwMDAsImRlbGV0ZSI6NjAwMDAwMDAwMDAwfX0=",
          "dependencies": [
            "module.cluster.data.openstack_networking_network_v2.external"
          ]
        }
      ]
    },
    {
      "module": "module.cluster",
      "mode": "managed",
      "type": "openstack_networking_secgroup_rule_v2",
      "name": "k8s_api_access",
      "provider": "provider[\"registry.terraform.io/terraform-provider-openstack/openstack\"]",
      "instances": [
        {
          "schema_version": 0,
          "attributes": {
            "description": "",
            "direction": "ingress",
            "ethertype": "IPv4",
            "id": "3e66c0fb-902b-4139-a01e-de915310cb91",
            "port_range_max": 6443,
            "port_range_min": 6443,
            "protocol": "tcp",
            "region": "RegionOne",
            "remote_group_id": "",
            "remote_ip_prefix": "0.0.0.0/0",
            "security_group_id": "920df1ee-8361-45f1-9459-c4d69642b96c",
            "tenant_id": "0faf1686334a47e7bdabf9ef8b659cb9",
            "timeouts": null
          },
          "sensitive_attributes": [],
          "identity_schema_version": 0,
          "private": "eyJlMmJmYjczMC1lY2FhLTExZTYtOGY4OC0zNDM2M2JjN2M0YzAiOnsiZGVsZXRlIjo2MDAwMDAwMDAwMDB9fQ==",
          "dependencies": [
            "module.cluster.openstack_networking_secgroup_v2.cluster_secgroup"
          ]
        }
      ]
    },
    {
      "module": "module.cluster",
      "mode": "managed",
      "type": "openstack_networking_secgroup_rule_v2",
      "name": "nodeport_access",
      "provider": "provider[\"registry.terraform.io/terraform-provider-openstack/openstack\"]",
      "instances": [
        {
          "schema_version": 0,
          "attributes": {
            "description": "",
            "direction": "ingress",
            "ethertype": "IPv4",
            "id": "d8fecd98-d897-4093-95a6-90e7b4aa5c40",
            "port_range_max": 32767,
            "port_range_min": 30000,
            "protocol": "tcp",
            "region": "RegionOne",
            "remote_group_id": "",
            "remote_ip_prefix": "0.0.0.0/0",
            "security_group_id": "920df1ee-8361-45f1-9459-c4d69642b96c",
            "tenant_id": "0faf1686334a47e7bdabf9ef8b659cb9",
            "timeouts": null
          },
          "sensitive_attributes": [],
          "identity_schema_version": 0,
          "private": "eyJlMmJmYjczMC1lY2FhLTExZTYtOGY4OC0zNDM2M2JjN2M0YzAiOnsiZGVsZXRlIjo2MDAwMDAwMDAwMDB9fQ==",
          "dependencies": [
            "module.cluster.openstack_networking_secgroup_v2.cluster_secgroup"
          ]
        }
      ]
    },
    {
      "module": "module.cluster",
      "mode": "managed",
      "type": "openstack_networking_secgroup_rule_v2",
      "name": "ssh_access",
      "provider": "provider[\"registry.terraform.io/terraform-provider-openstack/openstack\"]",
      "instances": [
        {
          "schema_version": 0,
          "attributes": {
            "description": "",
            "direction": "ingress",
            "ethertype": "IPv4",
            "id": "819c6d25-7a77-4e26-81cb-d2a462b2b9b7",
            "port_range_max": 22,
            "port_range_min": 22,
            "protocol": "tcp",
            "region": "RegionOne",
            "remote_group_id": "",
            "remote_ip_prefix": "0.0.0.0/0",
            "security_group_id": "920df1ee-8361-45f1-9459-c4d69642b96c",
            "tenant_id": "0faf1686334a47e7bdabf9ef8b659cb9",
            "timeouts": null
          },
          "sensitive_attributes": [],
          "identity_schema_version": 0,
          "private": "eyJlMmJmYjczMC1lY2FhLTExZTYtOGY4OC0zNDM2M2JjN2M0YzAiOnsiZGVsZXRlIjo2MDAwMDAwMDAwMDB9fQ==",
          "dependencies": [
            "module.cluster.openstack_networking_secgroup_v2.cluster_secgroup"
          ]
        }
      ]
    },
    {
      "module": "module.cluster",
      "mode": "managed",
      "type": "openstack_networking_secgroup_rule_v2",
      "name": "ssh_access_ipv6",
      "provider": "provider[\"registry.terraform.io/terraform-provider-openstack/openstack\"]",
      "instances": [
        {
          "schema_version": 0,
          "attributes": {
            "description": "",
            "direction": "ingress",
            "ethertype": "IPv6",
            "id": "e64f78c6-e6b6-4ed9-9edd-a7cd92929a42",
            "port_range_max": 22,
            "port_range_min": 22,
            "protocol": "tcp",
            "region": "RegionOne",
            "remote_group_id": "",
            "remote_ip_prefix": "::/0",
            "security_group_id": "920df1ee-8361-45f1-9459-c4d69642b96c",
            "tenant_id": "0faf1686334a47e7bdabf9ef8b659cb9",
            "timeouts": null
          },
          "sensitive_attributes": [],
          "identity_schema_version": 0,
          "private": "eyJlMmJmYjczMC1lY2FhLTExZTYtOGY4OC0zNDM2M2JjN2M0YzAiOnsiZGVsZXRlIjo2MDAwMDAwMDAwMDB9fQ==",
          "dependencies": [
            "module.cluster.openstack_networking_secgroup_v2.cluster_secgroup"
          ]
        }
      ]
    },
    {
      "module": "module.cluster",
      "mode": "managed",
      "type": "openstack_networking_secgroup_v2",
      "name": "cluster_secgroup",
      "provider": "provider[\"registry.terraform.io/terraform-provider-openstack/openstack\"]",
      "instances": [
        {
          "schema_version": 0,
          "attributes": {
            "all_tags": [],
            "delete_default_rules": null,
            "description": "Security group for k8s-cluster",
            "id": "920df1ee-8361-45f1-9459-c4d69642b96c",
            "name": "k8s-cluster-secgroup",
            "region": "RegionOne",
            "stateful": true,
            "tags": [],
            "tenant_id": "0faf1686334a47e7bdabf9ef8b659cb9",
            "timeouts": null
          },
          "sensitive_attributes": [],
          "identity_schema_version": 0,
          "private": "eyJlMmJmYjczMC1lY2FhLTExZTYtOGY4OC0zNDM2M2JjN2M0YzAiOnsiZGVsZXRlIjo2MDAwMDAwMDAwMDB9fQ=="
        }
      ]
    },
    {
      "module": "module.cluster",
      "mode": "managed",
      "type": "openstack_networking_subnet_v2",
      "name": "cluster_subnet",
      "provider": "provider[\"registry.terraform.io/terraform-provider-openstack/openstack\"]",
      "instances": [
        {
          "schema_version": 0,
          "attributes": {
            "all_tags": [],
            "allocation_pool": [
              {
                "end": "192.168.100.254",
                "start": "192.168.100.2"
              }
            ],
            "cidr": "192.168.100.0/24",
            "description": "",
            "dns_nameservers": [
              "8.8.8.8",
              "1.1.1.1"
            ],
            "dns_publish_fixed_ip": false,
            "enable_dhcp": true,
            "gateway_ip": "192.168.100.1",
            "id": "3dfe796e-78c8-4200-9942-4a4d8c560c6d",
            "ip_version": 4,
            "ipv6_address_mode": "",
            "ipv6_ra_mode": "",
            "name": "k8s-cluster-subnet",
            "network_id": "251a5b99-eef5-4cff-b1d3-33d371cd1eb3",
            "no_gateway": false,
            "prefix_length": null,
            "region": "RegionOne",
            "service_types": [],
            "subnetpool_id": "",
            "tags": [],
            "tenant_id": "0faf1686334a47e7bdabf9ef8b659cb9",
            "timeouts": null,
            "value_specs": null
          },
          "sensitive_attributes": [],
          "identity_schema_version": 0,
          "private": "eyJlMmJmYjczMC1lY2FhLTExZTYtOGY4OC0zNDM2M2JjN2M0YzAiOnsiY3JlYXRlIjo2MDAwMDAwMDAwMDAsImRlbGV0ZSI6NjAwMDAwMDAwMDAwfX0=",
          "dependencies": [
            "module.cluster.openstack_networking_network_v2.cluster_network"
          ]
        }
      ]
    },
    {
      "module": "module.cluster",
      "mode": "managed",
      "type": "random_string",
      "name": "k3s_token",
      "provider": "provider[\"registry.terraform.io/hashicorp/random\"]",
      "instances": [
        {
          "schema_version": 2,
          "attributes": {
            "id": "eL2T4aHdZTyJfkApLTLxXNdQHROI8M9u",
            "keepers": null,
            "length": 32,
            "lower": true,
            "min_lower": 0,
            "min_numeric": 0,
            "min_special": 0,
            "min_upper": 0,
            "number": true,
            "numeric": true,
            "override_special": null,
            "result": "eL2T4aHdZTyJfkApLTLxXNdQHROI8M9u",
            "special": false,
            "upper": true
          },
          "sensitive_attributes": [],
          "identity_schema_version": 0
        }
      ]
    },
    {
      "module": "module.k8s_apps",
      "mode": "managed",
      "type": "kubernetes_config_map",
      "name": "prometheus_config",
      "provider": "provider[\"registry.terraform.io/hashicorp/kubernetes\"]",
      "instances": [
        {
          "schema_version": 0,
          "attributes": {
            "binary_data": {},
            "data": {
              "prometheus.yml": "    global:\n      scrape_interval: 15s\n    scrape_configs:\n      - job_name: 'kubernetes-pods'\n        kubernetes_sd_configs:\n        - role: pod\n"
            },
            "id": "default/prometheus-config",
            "immutable": false,
            "metadata": [
              {
                "annotations": {},
                "generate_name": "",
                "generation": 0,
                "labels": {},
                "name": "prometheus-config",
                "namespace": "default",
                "resource_version": "792",
                "uid": "4fcbd9b1-2d46-4c13-a34a-21596fd50448"
              }
            ]
          },
          "sensitive_attributes": [],
          "identity_schema_version": 1,
          "identity": {
            "api_version": "v1",
            "kind": "ConfigMap",
            "name": "prometheus-config",
            "namespace": "default"
          },
          "private": "bnVsbA=="
        }
      ]
    },
    {
      "module": "module.k8s_apps",
      "mode": "managed",
      "type": "kubernetes_deployment",
      "name": "paas_api",
      "provider": "provider[\"registry.terraform.io/hashicorp/kubernetes\"]",
      "instances": [
        {
          "schema_version": 1,
          "attributes": {
            "id": "default/paas-api",
            "metadata": [
              {
                "annotations": {},
                "generate_name": "",
                "generation": 5,
                "labels": {
                  "app": "paas-api"
                },
                "name": "paas-api",
                "namespace": "default",
                "resource_version": "10253",
                "uid": "3cdbe182-3905-43d6-a2ca-5fb981147209"
              }
            ],
            "spec": [
              {
                "min_ready_seconds": 0,
                "paused": false,
                "progress_deadline_seconds": 600,
                "replicas": "1",
                "revision_history_limit": 10,
                "selector": [
                  {
                    "match_expressions": [],
                    "match_labels": {
                      "app": "paas-api"
                    }
                  }
                ],
                "strategy": [
                  {
                    "rolling_update": [
                      {
                        "max_surge": "25%",
                        "max_unavailable": "25%"
                      }
                    ],
                    "type": "RollingUpdate"
                  }
                ],
                "template": [
                  {
                    "metadata": [
                      {
                        "annotations": {},
                        "generate_name": "",
                        "generation": 0,
                        "labels": {
                          "app": "paas-api"
                        },
                        "name": "",
                        "namespace": "",
                        "resource_version": "",
                        "uid": ""
                      }
                    ],
                    "spec": [
                      {
                        "active_deadline_seconds": 0,
                        "affinity": [],
                        "automount_service_account_token": true,
                        "container": [
                          {
                            "args": [],
                            "command": [],
                            "env": [
                              {
                                "name": "POSTGRES_DSN",
                                "value": "postgres://myuser:mypassword@postgresql.default.svc.cluster.local:5432/mydb?sslmode=disable",
                                "value_from": []
                              }
                            ],
                            "env_from": [],
                            "image": "reda404/paas-api:latest",
                            "image_pull_policy": "IfNotPresent",
                            "lifecycle": [],
                            "liveness_probe": [],
                            "name": "paas-api",
                            "port": [
                              {
                                "container_port": 80,
                                "host_ip": "",
                                "host_port": 0,
                                "name": "",
                                "protocol": "TCP"
                              }
                            ],
                            "readiness_probe": [],
                            "resources": [
                              {
                                "limits": {},
                                "requests": {}
                              }
                            ],
                            "security_context": [],
                            "startup_probe": [],
                            "stdin": false,
                            "stdin_once": false,
                            "termination_message_path": "/dev/termination-log",
                            "termination_message_policy": "File",
                            "tty": false,
                            "volume_device": [],
                            "volume_mount": [],
                            "working_dir": ""
                          }
                        ],
                        "dns_config": [],
                        "dns_policy": "ClusterFirst",
                        "enable_service_links": true,
                        "host_aliases": [],
                        "host_ipc": false,
                        "host_network": false,
                        "host_pid": false,
                        "hostname": "",
                        "image_pull_secrets": [],
                        "init_container": [],
                        "node_name": "",
                        "node_selector": {},
                        "os": [],
                        "priority_class_name": "",
                        "readiness_gate": [],
                        "restart_policy": "Always",
                        "runtime_class_name": "",
                        "scheduler_name": "default-scheduler",
                        "security_context": [],
                        "service_account_name": "",
                        "share_process_namespace": false,
                        "subdomain": "",
                        "termination_grace_period_seconds": 30,
                        "toleration": [],
                        "topology_spread_constraint": [],
                        "volume": []
                      }
                    ]
                  }
                ]
              }
            ],
            "timeouts": null,
            "wait_for_rollout": true
          },
          "sensitive_attributes": [],
          "identity_schema_version": 1,
          "identity": {
            "api_version": "apps/v1",
            "kind": "Deployment",
            "name": "paas-api",
            "namespace": "default"
          },
          "private": "eyJlMmJmYjczMC1lY2FhLTExZTYtOGY4OC0zNDM2M2JjN2M0YzAiOnsiY3JlYXRlIjo2MDAwMDAwMDAwMDAsImRlbGV0ZSI6NjAwMDAwMDAwMDAwLCJ1cGRhdGUiOjYwMDAwMDAwMDAwMH0sInNjaGVtYV92ZXJzaW9uIjoiMSJ9"
        }
      ]
    },
    {
      "module": "module.k8s_apps",
      "mode": "managed",
      "type": "kubernetes_deployment",
      "name": "postgresql",
      "provider": "provider[\"registry.terraform.io/hashicorp/kubernetes\"]",
      "instances": [
        {
          "schema_version": 1,
          "attributes": {
            "id": "default/postgresql",
            "metadata": [
              {
                "annotations": {},
                "generate_name": "",
                "generation": 3,
                "labels": {
                  "app": "postgresql"
                },
                "name": "postgresql",
                "namespace": "default",
                "resource_version": "1018",
                "uid": "10932ea0-b1f3-44b6-b151-610e76647ec6"
              }
            ],
            "spec": [
              {
                "min_ready_seconds": 0,
                "paused": false,
                "progress_deadline_seconds": 600,
                "replicas": "1",
                "revision_history_limit": 10,
                "selector": [
                  {
                    "match_expressions": [],
                    "match_labels": {
                      "app": "postgresql"
                    }
                  }
                ],
                "strategy": [
                  {
                    "rolling_update": [
                      {
                        "max_surge": "25%",
                        "max_unavailable": "25%"
                      }
                    ],
                    "type": "RollingUpdate"
                  }
                ],
                "template": [
                  {
                    "metadata": [
                      {
                        "annotations": {},
                        "generate_name": "",
                        "generation": 0,
                        "labels": {
                          "app": "postgresql"
                        },
                        "name": "",
                        "namespace": "",
                        "resource_version": "",
                        "uid": ""
                      }
                    ],
                    "spec": [
                      {
                        "active_deadline_seconds": 0,
                        "affinity": [],
                        "automount_service_account_token": true,
                        "container": [
                          {
                            "args": [],
                            "command": [],
                            "env": [
                              {
                                "name": "POSTGRES_DB",
                                "value": "mydb",
                                "value_from": []
                              },
                              {
                                "name": "POSTGRES_USER",
                                "value": "myuser",
                                "value_from": []
                              },
                              {
                                "name": "POSTGRES_PASSWORD",
                                "value": "mypassword",
                                "value_from": []
                              }
                            ],
                            "env_from": [],
                            "image": "postgres:13",
                            "image_pull_policy": "IfNotPresent",
                            "lifecycle": [],
                            "liveness_probe": [],
                            "name": "postgresql",
                            "port": [
                              {
                                "container_port": 5432,
                                "host_ip": "",
                                "host_port": 0,
                                "name": "",
                                "protocol": "TCP"
                              }
                            ],
                            "readiness_probe": [],
                            "resources": [
                              {
                                "limits": {
                                  "cpu": "3",
                                  "memory": "512Mi"
                                },
                                "requests": {
                                  "cpu": "500m",
                                  "memory": "256Mi"
                                }
                              }
                            ],
                            "security_context": [],
                            "startup_probe": [],
                            "stdin": false,
                            "stdin_once": false,
                            "termination_message_path": "/dev/termination-log",
                            "termination_message_policy": "File",
                            "tty": false,
                            "volume_device": [],
                            "volume_mount": [
                              {
                                "mount_path": "/var/lib/postgresql/data",
                                "mount_propagation": "None",
                                "name": "postgresql-storage",
                                "read_only": false,
                                "sub_path": "",
                                "sub_path_expr": ""
                              }
                            ],
                            "working_dir": ""
                          }
                        ],
                        "dns_config": [],
                        "dns_policy": "ClusterFirst",
                        "enable_service_links": true,
                        "host_aliases": [],
                        "host_ipc": false,
                        "host_network": false,
                        "host_pid": false,
                        "hostname": "",
                        "image_pull_secrets": [],
                        "init_container": [],
                        "node_name": "",
                        "node_selector": {},
                        "os": [],
                        "priority_class_name": "",
                        "readiness_gate": [],
                        "restart_policy": "Always",
                        "runtime_class_name": "",
                        "scheduler_name": "default-scheduler",
                        "security_context": [],
                        "service_account_name": "",
                        "share_process_namespace": false,
                        "subdomain": "",
                        "termination_grace_period_seconds": 30,
                        "toleration": [],
                        "topology_spread_constraint": [],
                        "volume": [
                          {
                            "aws_elastic_block_store": [],
                            "azure_disk": [],
                            "azure_file": [],
                            "ceph_fs": [],
                            "cinder": [],
                            "config_map": [],
                            "csi": [],
                            "downward_api": [],
                            "empty_dir": [
                              {
                                "medium": "",
                                "size_limit": ""
                              }
                            ],
                            "ephemeral": [],
                            "fc": [],
                            "flex_volume": [],
                            "flocker": [],
                            "gce_persistent_disk": [],
                            "git_repo": [],
                            "glusterfs": [],
                            "host_path": [],
                            "iscsi": [],
                            "local": [],
                            "name": "postgresql-storage",
                            "nfs": [],
                            "persistent_volume_claim": [],
                            "photon_persistent_disk": [],
                            "projected": [],
                            "quobyte": [],
                            "rbd": [],
                            "secret": [],
                            "vsphere_volume": []
                          }
                        ]
                      }
                    ]
                  }
                ]
              }
            ],
            "timeouts": null,
            "wait_for_rollout": true
          },
          "sensitive_attributes": [],
          "identity_schema_version": 1,
          "identity": {
            "api_version": "apps/v1",
            "kind": "Deployment",
            "name": "postgresql",
            "namespace": "default"
          },
          "private": "eyJlMmJmYjczMC1lY2FhLTExZTYtOGY4OC0zNDM2M2JjN2M0YzAiOnsiY3JlYXRlIjo2MDAwMDAwMDAwMDAsImRlbGV0ZSI6NjAwMDAwMDAwMDAwLCJ1cGRhdGUiOjYwMDAwMDAwMDAwMH0sInNjaGVtYV92ZXJzaW9uIjoiMSJ9"
        }
      ]
    },
    {
      "module": "module.k8s_apps",
      "mode": "managed",
      "type": "kubernetes_deployment",
      "name": "prometheus",
      "provider": "provider[\"registry.terraform.io/hashicorp/kubernetes\"]",
      "instances": [
        {
          "schema_version": 1,
          "attributes": {
            "id": "default/prometheus",
            "metadata": [
              {
                "annotations": {},
                "generate_name": "",
                "generation": 1,
                "labels": {},
                "name": "prometheus",
                "namespace": "default",
                "resource_version": "6303",
                "uid": "f0e5d9d6-214d-4a3e-9f68-748ae46346f1"
              }
            ],
            "spec": [
              {
                "min_ready_seconds": 0,
                "paused": false,
                "progress_deadline_seconds": 600,
                "replicas": "1",
                "revision_history_limit": 10,
                "selector": [
                  {
                    "match_expressions": [],
                    "match_labels": {
                      "app": "prometheus"
                    }
                  }
                ],
                "strategy": [
                  {
                    "rolling_update": [
                      {
                        "max_surge": "25%",
                        "max_unavailable": "25%"
                      }
                    ],
                    "type": "RollingUpdate"
                  }
                ],
                "template": [
                  {
                    "metadata": [
                      {
                        "annotations": {},
                        "generate_name": "",
                        "generation": 0,
                        "labels": {
                          "app": "prometheus"
                        },
                        "name": "",
                        "namespace": "",
                        "resource_version": "",
                        "uid": ""
                      }
                    ],
                    "spec": [
                      {
                        "active_deadline_seconds": 0,
                        "affinity": [],
                        "automount_service_account_token": true,
                        "container": [
                          {
                            "args": [],
                            "command": [],
                            "env": [],
                            "env_from": [],
                            "image": "prom/prometheus:latest",
                            "image_pull_policy": "Always",
                            "lifecycle": [],
                            "liveness_probe": [],
                            "name": "prometheus",
                            "port": [
                              {
                                "container_port": 9090,
                                "host_ip": "",
                                "host_port": 0,
                                "name": "",
                                "protocol": "TCP"
                              }
                            ],
                            "readiness_probe": [],
                            "resources": [
                              {
                                "limits": {},
                                "requests": {}
                              }
                            ],
                            "security_context": [],
                            "startup_probe": [],
                            "stdin": false,
                            "stdin_once": false,
                            "termination_message_path": "/dev/termination-log",
                            "termination_message_policy": "File",
                            "tty": false,
                            "volume_device": [],
                            "volume_mount": [
                              {
                                "mount_path": "/etc/prometheus",
                                "mount_propagation": "None",
                                "name": "prometheus-config",
                                "read_only": false,
                                "sub_path": "",
                                "sub_path_expr": ""
                              }
                            ],
                            "working_dir": ""
                          }
                        ],
                        "dns_config": [],
                        "dns_policy": "ClusterFirst",
                        "enable_service_links": true,
                        "host_aliases": [],
                        "host_ipc": false,
                        "host_network": false,
                        "host_pid": false,
                        "hostname": "",
                        "image_pull_secrets": [],
                        "init_container": [],
                        "node_name": "",
                        "node_selector": {},
                        "os": [],
                        "priority_class_name": "",
                        "readiness_gate": [],
                        "restart_policy": "Always",
                        "runtime_class_name": "",
                        "scheduler_name": "default-scheduler",
                        "security_context": [],
                        "service_account_name": "",
                        "share_process_namespace": false,
                        "subdomain": "",
                        "termination_grace_period_seconds": 30,
                        "toleration": [],
                        "topology_spread_constraint": [],
                        "volume": [
                          {
                            "aws_elastic_block_store": [],
                            "azure_disk": [],
                            "azure_file": [],
                            "ceph_fs": [],
                            "cinder": [],
                            "config_map": [
                              {
                                "default_mode": "0644",
                                "items": [],
                                "name": "prometheus-config",
                                "optional": false
                              }
                            ],
                            "csi": [],
                            "downward_api": [],
                            "empty_dir": [],
                            "ephemeral": [],
                            "fc": [],
                            "flex_volume": [],
                            "flocker": [],
                            "gce_persistent_disk": [],
                            "git_repo": [],
                            "glusterfs": [],
                            "host_path": [],
                            "iscsi": [],
                            "local": [],
                            "name": "prometheus-config",
                            "nfs": [],
                            "persistent_volume_claim": [],
                            "photon_persistent_disk": [],
                            "projected": [],
                            "quobyte": [],
                            "rbd": [],
                            "secret": [],
                            "vsphere_volume": []
                          }
                        ]
                      }
                    ]
                  }
                ]
              }
            ],
            "timeouts": null,
            "wait_for_rollout": true
          },
          "sensitive_attributes": [],
          "identity_schema_version": 1,
          "identity": {
            "api_version": "apps/v1",
            "kind": "Deployment",
            "name": "prometheus",
            "namespace": "default"
          },
          "private": "eyJlMmJmYjczMC1lY2FhLTExZTYtOGY4OC0zNDM2M2JjN2M0YzAiOnsiY3JlYXRlIjo2MDAwMDAwMDAwMDAsImRlbGV0ZSI6NjAwMDAwMDAwMDAwLCJ1cGRhdGUiOjYwMDAwMDAwMDAwMH0sInNjaGVtYV92ZXJzaW9uIjoiMSJ9",
          "dependencies": [
            "module.k8s_apps.kubernetes_config_map.prometheus_config"
          ]
        }
      ]
    },
    {
      "module": "module.k8s_apps",
      "mode": "managed",
      "type": "kubernetes_horizontal_pod_autoscaler_v2",
      "name": "postgresql",
      "provider": "provider[\"registry.terraform.io/hashicorp/kubernetes\"]",
      "instances": [
        {
          "schema_version": 0,
          "attributes": {
            "id": "default/postgresql-hpa",
            "metadata": [
              {
                "annotations": {},
                "generate_name": "",
                "generation": 0,
                "labels": {},
                "name": "postgresql-hpa",
                "namespace": "default",
                "resource_version": "10564",
                "uid": "bcf568f5-1c41-4d43-aec2-64797bd69a99"
              }
            ],
            "spec": [
              {
                "behavior": [
                  {
                    "scale_down": [
                      {
                        "policy": [
                          {
                            "period_seconds": 15,
                            "type": "Percent",
                            "value": 100
                          }
                        ],
                        "select_policy": "Max",
                        "stabilization_window_seconds": 0
                      }
                    ],
                    "scale_up": [
                      {
                        "policy": [
                          {
                            "period_seconds": 15,
                            "type": "Pods",
                            "value": 4
                          },
                          {
                            "period_seconds": 15,
                            "type": "Percent",
                            "value": 100
                          }
                        ],
                        "select_policy": "Max",
                        "stabilization_window_seconds": 0
                      }
                    ]
                  }
                ],
                "max_replicas": 3,
                "metric": [
                  {
                    "container_resource": [],
                    "external": [],
                    "object": [],
                    "pods": [],
                    "resource": [
                      {
                        "name": "cpu",
                        "target": [
                          {
                            "average_utilization": 76,
                            "average_value": "",
                            "type": "Utilization",
                            "value": ""
                          }
                        ]
                      }
                    ],
                    "type": "Resource"
                  }
                ],
                "min_replicas": 1,
                "scale_target_ref": [
                  {
                    "api_version": "apps/v1",
                    "kind": "Deployment",
                    "name": "postgresql"
                  }
                ],
                "target_cpu_utilization_percentage": 0
              }
            ]
          },
          "sensitive_attributes": [],
          "identity_schema_version": 1,
          "identity": {
            "api_version": "autoscaling/v2",
            "kind": "HorizontalPodAutoscaler",
            "name": "postgresql-hpa",
            "namespace": "default"
          },
          "private": "bnVsbA==",
          "dependencies": [
            "module.k8s_apps.kubernetes_deployment.postgresql"
          ]
        }
      ]
    },
    {
      "module": "module.k8s_apps",
      "mode": "managed",
      "type": "kubernetes_service",
      "name": "paas_api",
      "provider": "provider[\"registry.terraform.io/hashicorp/kubernetes\"]",
      "instances": [
        {
          "schema_version": 1,
          "attributes": {
            "id": "default/paas-api",
            "metadata": [
              {
                "annotations": {},
                "generate_name": "",
                "generation": 0,
                "labels": {},
                "name": "paas-api",
                "namespace": "default",
                "resource_version": "820",
                "uid": "2b8dbcb0-4de2-468c-acde-59bcf6677a9e"
              }
            ],
            "spec": [
              {
                "allocate_load_balancer_node_ports": true,
                "cluster_ip": "10.43.124.185",
                "cluster_ips": [
                  "10.43.124.185"
                ],
                "external_ips": [],
                "external_name": "",
                "external_traffic_policy": "Cluster",
                "health_check_node_port": 0,
                "internal_traffic_policy": "Cluster",
                "ip_families": [
                  "IPv4"
                ],
                "ip_family_policy": "SingleStack",
                "load_balancer_class": "",
                "load_balancer_ip": "",
                "load_balancer_source_ranges": [],
                "port": [
                  {
                    "app_protocol": "",
                    "name": "",
                    "node_port": 30081,
                    "port": 80,
                    "protocol": "TCP",
                    "target_port": "80"
                  }
                ],
                "publish_not_ready_addresses": false,
                "selector": {
                  "app": "paas-api"
                },
                "session_affinity": "None",
                "session_affinity_config": [],
                "type": "NodePort"
              }
            ],
            "status": [
              {
                "load_balancer": [
                  {
                    "ingress": []
                  }
                ]
              }
            ],
            "timeouts": null,
            "wait_for_load_balancer": true
          },
          "sensitive_attributes": [],
          "identity_schema_version": 1,
          "identity": {
            "api_version": "v1",
            "kind": "Service",
            "name": "paas-api",
            "namespace": "default"
          },
          "private": "eyJlMmJmYjczMC1lY2FhLTExZTYtOGY4OC0zNDM2M2JjN2M0YzAiOnsiY3JlYXRlIjo2MDAwMDAwMDAwMDB9LCJzY2hlbWFfdmVyc2lvbiI6IjEifQ=="
        }
      ]
    },
    {
      "module": "module.k8s_apps",
      "mode": "managed",
      "type": "kubernetes_service",
      "name": "postgresql",
      "provider": "provider[\"registry.terraform.io/hashicorp/kubernetes\"]",
      "instances": [
        {
          "schema_version": 1,
          "attributes": {
            "id": "default/postgresql",
            "metadata": [
              {
                "annotations": {},
                "generate_name": "",
                "generation": 0,
                "labels": {},
                "name": "postgresql",
                "namespace": "default",
                "resource_version": "798",
                "uid": "256ad07c-2171-42f8-a461-cdada365485a"
              }
            ],
            "spec": [
              {
                "allocate_load_balancer_node_ports": true,
                "cluster_ip": "10.43.97.165",
                "cluster_ips": [
                  "10.43.97.165"
                ],
                "external_ips": [],
                "external_name": "",
                "external_traffic_policy": "Cluster",
                "health_check_node_port": 0,
                "internal_traffic_policy": "Cluster",
                "ip_families": [
                  "IPv4"
                ],
                "ip_family_policy": "SingleStack",
                "load_balancer_class": "",
                "load_balancer_ip": "",
                "load_balancer_source_ranges": [],
                "port": [
                  {
                    "app_protocol": "",
                    "name": "postgres",
                    "node_port": 30080,
                    "port": 5432,
                    "protocol": "TCP",
                    "target_port": "5432"
                  }
                ],
                "publish_not_ready_addresses": false,
                "selector": {
                  "app": "postgresql"
                },
                "session_affinity": "None",
                "session_affinity_config": [],
                "type": "NodePort"
              }
            ],
            "status": [
              {
                "load_balancer": [
                  {
                    "ingress": []
                  }
                ]
              }
            ],
            "timeouts": null,
            "wait_for_load_balancer": true
          },
          "sensitive_attributes": [],
          "identity_schema_version": 1,
          "identity": {
            "api_version": "v1",
            "kind": "Service",
            "name": "postgresql",
            "namespace": "default"
          },
          "private": "eyJlMmJmYjczMC1lY2FhLTExZTYtOGY4OC0zNDM2M2JjN2M0YzAiOnsiY3JlYXRlIjo2MDAwMDAwMDAwMDB9LCJzY2hlbWFfdmVyc2lvbiI6IjEifQ=="
        }
      ]
    },
    {
      "module": "module.k8s_apps",
      "mode": "managed",
      "type": "kubernetes_service",
      "name": "prometheus",
      "provider": "provider[\"registry.terraform.io/hashicorp/kubernetes\"]",
      "instances": [
        {
          "schema_version": 1,
          "attributes": {
            "id": "default/prometheus",
            "metadata": [
              {
                "annotations": {},
                "generate_name": "",
                "generation": 0,
                "labels": {},
                "name": "prometheus",
                "namespace": "default",
                "resource_version": "804",
                "uid": "cec4ee43-541f-43a2-ae0e-0aed8ec2236f"
              }
            ],
            "spec": [
              {
                "allocate_load_balancer_node_ports": true,
                "cluster_ip": "10.43.29.178",
                "cluster_ips": [
                  "10.43.29.178"
                ],
                "external_ips": [],
                "external_name": "",
                "external_traffic_policy": "Cluster",
                "health_check_node_port": 0,
                "internal_traffic_policy": "Cluster",
                "ip_families": [
                  "IPv4"
                ],
                "ip_family_policy": "SingleStack",
                "load_balancer_class": "",
                "load_balancer_ip": "",
                "load_balancer_source_ranges": [],
                "port": [
                  {
                    "app_protocol": "",
                    "name": "",
                    "node_port": 30090,
                    "port": 9090,
                    "protocol": "TCP",
                    "target_port": "9090"
                  }
                ],
                "publish_not_ready_addresses": false,
                "selector": {
                  "app": "prometheus"
                },
                "session_affinity": "None",
                "session_affinity_config": [],
                "type": "NodePort"
              }
            ],
            "status": [
              {
                "load_balancer": [
                  {
                    "ingress": []
                  }
                ]
              }
            ],
            "timeouts": null,
            "wait_for_load_balancer": true
          },
          "sensitive_attributes": [],
          "identity_schema_version": 1,
          "identity": {
            "api_version": "v1",
            "kind": "Service",
            "name": "prometheus",
            "namespace": "default"
          },
          "private": "eyJlMmJmYjczMC1lY2FhLTExZTYtOGY4OC0zNDM2M2JjN2M0YzAiOnsiY3JlYXRlIjo2MDAwMDAwMDAwMDB9LCJzY2hlbWFfdmVyc2lvbiI6IjEifQ=="
        }
      ]
    }
  ],
  "check_results": null
}
